
Microsoft Visual Studio Solution File, Format Version 12.00
# Visual Studio Version 17
VisualStudioVersion = 17.1.32421.90
MinimumVisualStudioVersion = 10.0.40219.1
Project("{FAE04EC0-301F-11D3-BF4B-00C04F79EFBC}") = "LogicalPrograms", "LogicalPrograms\LogicalPrograms.csproj", "{C2F33F6A-48A3-4BFB-A808-5B2E87A12BC5}"
EndProject
Global
	GlobalSection(SolutionConfigurationPlatforms) = preSolution
		Debug|Any CPU = Debug|Any CPU
		Release|Any CPU = Release|Any CPU
	EndGlobalSection
	GlobalSection(ProjectConfigurationPlatforms) = postSolution
		{C2F33F6A-48A3-4BFB-A808-5B2E87A12BC5}.Debug|Any CPU.ActiveCfg = Debug|Any CPU
		{C2F33F6A-48A3-4BFB-A808-5B2E87A12BC5}.Debug|Any CPU.Build.0 = Debug|Any CPU
		{C2F33F6A-48A3-4BFB-A808-5B2E87A12BC5}.Release|Any CPU.ActiveCfg = Release|Any CPU
		{C2F33F6A-48A3-4BFB-A808-5B2E87A12BC5}.Release|Any CPU.Build.0 = Release|Any CPU
	EndGlobalSection
	GlobalSection(SolutionProperties) = preSolution
		HideSolutionNode = FALSE
	EndGlobalSection
	GlobalSection(ExtensibilityGlobals) = postSolution
		SolutionGuid = {742855EB-F6E3-4F02-BBE8-09D9C7C4CEDB}
	EndGlobalSection
EndGlobal
